
Microsoft Visual Studio Solution File, Format Version 12.00
# Visual Studio 15
VisualStudioVersion = 15.0.28307.136
MinimumVisualStudioVersion = 10.0.40219.1
Project("{FAE04EC0-301F-11D3-BF4B-00C04F79EFBC}") = "Whose Turn Is It Anyway", "Whose Turn Is It Anyway\Whose Turn Is It Anyway.csproj", "{626FD5D6-3F74-4D00-9BBB-86798751AF88}"
EndProject
Global
	GlobalSection(SolutionConfigurationPlatforms) = preSolution
		Debug|Any CPU = Debug|Any CPU
		Release|Any CPU = Release|Any CPU
	EndGlobalSection
	GlobalSection(ProjectConfigurationPlatforms) = postSolution
		{626FD5D6-3F74-4D00-9BBB-86798751AF88}.Debug|Any CPU.ActiveCfg = Debug|Any CPU
		{626FD5D6-3F74-4D00-9BBB-86798751AF88}.Debug|Any CPU.Build.0 = Debug|Any CPU
		{626FD5D6-3F74-4D00-9BBB-86798751AF88}.Release|Any CPU.ActiveCfg = Release|Any CPU
		{626FD5D6-3F74-4D00-9BBB-86798751AF88}.Release|Any CPU.Build.0 = Release|Any CPU
	EndGlobalSection
	GlobalSection(SolutionProperties) = preSolution
		HideSolutionNode = FALSE
	EndGlobalSection
	GlobalSection(ExtensibilityGlobals) = postSolution
		SolutionGuid = {ADB59B37-753F-456C-B623-A32409C682F2}
	EndGlobalSection
EndGlobal
